
Microsoft Visual Studio Solution File, Format Version 12.00
# Visual Studio Version 16
VisualStudioVersion = 25.0.1706.4
MinimumVisualStudioVersion = 10.0.40219.1
Project("{FAE04EC0-301F-11D3-BF4B-00C04F79EFBC}") = "workSheetOne", "workSheetOne\workSheetOne.csproj", "{B2B965DF-74B1-4FBC-8B58-D30B7D91E98B}"
EndProject
Global
	GlobalSection(SolutionConfigurationPlatforms) = preSolution
		Debug|Any CPU = Debug|Any CPU
		Release|Any CPU = Release|Any CPU
	EndGlobalSection
	GlobalSection(ProjectConfigurationPlatforms) = postSolution
		{B2B965DF-74B1-4FBC-8B58-D30B7D91E98B}.Debug|Any CPU.ActiveCfg = Debug|Any CPU
		{B2B965DF-74B1-4FBC-8B58-D30B7D91E98B}.Debug|Any CPU.Build.0 = Debug|Any CPU
		{B2B965DF-74B1-4FBC-8B58-D30B7D91E98B}.Release|Any CPU.ActiveCfg = Release|Any CPU
		{B2B965DF-74B1-4FBC-8B58-D30B7D91E98B}.Release|Any CPU.Build.0 = Release|Any CPU
	EndGlobalSection
	GlobalSection(SolutionProperties) = preSolution
		HideSolutionNode = FALSE
	EndGlobalSection
	GlobalSection(ExtensibilityGlobals) = postSolution
		SolutionGuid = {C2AF07A1-12DF-459A-BCFE-783375FE89F1}
	EndGlobalSection
EndGlobal
